{
  "name": "whois_net_range",
  "version": "1.0.0",
  "lockfileVersion": 1,
  "requires": true,
  "dependencies": {
    "whois-ux": {
      "version": "0.0.2",
      "resolved": "https://registry.npmjs.org/whois-ux/-/whois-ux-0.0.2.tgz",
      "integrity": "sha1-Hk5eExWqogCYCk2JbNdve7zohj4="
    }
  }
}
